PODS:
  - TXLiteAVSDK_VoiceAI_iOS (13.6.0.237)

DEPENDENCIES:
  - TXLiteAVSDK_VoiceAI_iOS (= 13.6.0.237)

SPEC REPOS:
  trunk:
    - TXLiteAVSDK_VoiceAI_iOS

SPEC CHECKSUMS:
  TXLiteAVSDK_VoiceAI_iOS: 7691dc524fb0ab78d97038c7412cc1525977d726

PODFILE CHECKSUM: b13101124e1640c06ab65bd7b85bd4e5cf588cbb

COCOAPODS: 1.16.2
