PODS:
  - TXLiteAVSDK_VoiceAI_iOS (13.6.0.243)

DEPENDENCIES:
  - TXLiteAVSDK_VoiceAI_iOS (= 13.6.0.243)

SPEC REPOS:
  trunk:
    - TXLiteAVSDK_VoiceAI_iOS

SPEC CHECKSUMS:
  TXLiteAVSDK_VoiceAI_iOS: 405ebc137ff616a81f7fd5f31f9d54bc32783252

PODFILE CHECKSUM: b2bbb7d96f3e2fc56dde198aa6a00555faefac7a

COCOAPODS: 1.16.2
